
Microsoft Visual Studio Solution File, Format Version 12.00
# Visual Studio Version 16
VisualStudioVersion = 16.0.29503.13
MinimumVisualStudioVersion = 10.0.40219.1
Project("{FAE04EC0-301F-11D3-BF4B-00C04F79EFBC}") = "traduccion de lenguajes N1", "traduccion de lenguajes N1.csproj", "{4F730223-D1D6-4A70-9379-3BDF858F8E7A}"
EndProject
Global
	GlobalSection(SolutionConfigurationPlatforms) = preSolution
		Debug|Any CPU = Debug|Any CPU
		Release|Any CPU = Release|Any CPU
	EndGlobalSection
	GlobalSection(ProjectConfigurationPlatforms) = postSolution
		{4F730223-D1D6-4A70-9379-3BDF858F8E7A}.Debug|Any CPU.ActiveCfg = Debug|Any CPU
		{4F730223-D1D6-4A70-9379-3BDF858F8E7A}.Debug|Any CPU.Build.0 = Debug|Any CPU
		{4F730223-D1D6-4A70-9379-3BDF858F8E7A}.Release|Any CPU.ActiveCfg = Release|Any CPU
		{4F730223-D1D6-4A70-9379-3BDF858F8E7A}.Release|Any CPU.Build.0 = Release|Any CPU
	EndGlobalSection
	GlobalSection(SolutionProperties) = preSolution
		HideSolutionNode = FALSE
	EndGlobalSection
	GlobalSection(ExtensibilityGlobals) = postSolution
		SolutionGuid = {4EC6AEED-2628-4CE8-B61A-56A28B36CFEA}
	EndGlobalSection
EndGlobal
